lockfile_version: '1'
apm_version: 0.30.0
dependencies:
- repo_url: mattpocock/skills
  name: grill-with-docs
  host: github.com
  resolved_commit: c55ee46073ed923f86ce59a5eb3b6d895095d1b7
  resolved_ref: c55ee46073ed923f86ce59a5eb3b6d895095d1b7
  version: unknown
  virtual_path: skills/engineering/grill-with-docs
  is_virtual: true
  package_type: claude_skill
  deployed_files:
  - .agents/skills/grill-with-docs
  - .agents/skills/grill-with-docs/SKILL.md
  - .agents/skills/grill-with-docs/agents/openai.yaml
  - .config/opencode/skills/grill-with-docs
  - .config/opencode/skills/grill-with-docs/SKILL.md
  - .config/opencode/skills/grill-with-docs/agents/openai.yaml
  deployed_file_hashes:
    .agents/skills/grill-with-docs/SKILL.md: sha256:7de372c13488f1ee96cc11cd8907b56b6809cc93eef776eeddd37de6b6cbe3fe
    .agents/skills/grill-with-docs/agents/openai.yaml: sha256:94cd0ab161fb468a836349f5ed482ba58ce8e709a05c57ce533d739dbd35cca9
    .config/opencode/skills/grill-with-docs/SKILL.md: sha256:7de372c13488f1ee96cc11cd8907b56b6809cc93eef776eeddd37de6b6cbe3fe
    .config/opencode/skills/grill-with-docs/agents/openai.yaml: sha256:94cd0ab161fb468a836349f5ed482ba58ce8e709a05c57ce533d739dbd35cca9
  content_hash: sha256:9e8f732b806727978f1ad8d2fb9ce4467da68f7482d63c4bb5a73f2b1a0c797c
- repo_url: mattpocock/skills
  name: grilling
  host: github.com
  resolved_commit: c55ee46073ed923f86ce59a5eb3b6d895095d1b7
  resolved_ref: c55ee46073ed923f86ce59a5eb3b6d895095d1b7
  version: unknown
  virtual_path: skills/productivity/grilling
  is_virtual: true
  package_type: claude_skill
  deployed_files:
  - .agents/skills/grilling
  - .agents/skills/grilling/SKILL.md
  - .agents/skills/grilling/agents/openai.yaml
  - .config/opencode/skills/grilling
  - .config/opencode/skills/grilling/SKILL.md
  - .config/opencode/skills/grilling/agents/openai.yaml
  deployed_file_hashes:
    .agents/skills/grilling/SKILL.md: sha256:10ff989e7498b23b5acb49d5048f11dcd906757d2f79c5cdf8a00001381296f2
    .agents/skills/grilling/agents/openai.yaml: sha256:1411d7df7d99b7e621a1ff8283c8133cc2464be63d064e52d8ce169c6800ee9b
    .config/opencode/skills/grilling/SKILL.md: sha256:10ff989e7498b23b5acb49d5048f11dcd906757d2f79c5cdf8a00001381296f2
    .config/opencode/skills/grilling/agents/openai.yaml: sha256:1411d7df7d99b7e621a1ff8283c8133cc2464be63d064e52d8ce169c6800ee9b
  content_hash: sha256:e98f109bca3d8889f673d9f32bf84086f85a70ff9e241f8a34a4560a07ab5a39
deployments:
- kind: project-relative
  target: copilot
  value: .agents/skills/grill-with-docs
  runtime: null
  scope: project
  owners:
  - mattpocock/skills/skills/engineering/grill-with-docs
  active_owner: mattpocock/skills/skills/engineering/grill-with-docs
  content_hash: null
- kind: project-relative
  target: copilot
  value: .agents/skills/grill-with-docs/SKILL.md
  runtime: null
  scope: project
  owners:
  - mattpocock/skills/skills/engineering/grill-with-docs
  active_owner: mattpocock/skills/skills/engineering/grill-with-docs
  content_hash: sha256:7de372c13488f1ee96cc11cd8907b56b6809cc93eef776eeddd37de6b6cbe3fe
- kind: project-relative
  target: copilot
  value: .agents/skills/grill-with-docs/agents/openai.yaml
  runtime: null
  scope: project
  owners:
  - mattpocock/skills/skills/engineering/grill-with-docs
  active_owner: mattpocock/skills/skills/engineering/grill-with-docs
  content_hash: sha256:94cd0ab161fb468a836349f5ed482ba58ce8e709a05c57ce533d739dbd35cca9
- kind: project-relative
  target: copilot
  value: .agents/skills/grilling
  runtime: null
  scope: project
  owners:
  - mattpocock/skills/skills/productivity/grilling
  active_owner: mattpocock/skills/skills/productivity/grilling
  content_hash: null
- kind: project-relative
  target: copilot
  value: .agents/skills/grilling/SKILL.md
  runtime: null
  scope: project
  owners:
  - mattpocock/skills/skills/productivity/grilling
  active_owner: mattpocock/skills/skills/productivity/grilling
  content_hash: sha256:10ff989e7498b23b5acb49d5048f11dcd906757d2f79c5cdf8a00001381296f2
- kind: project-relative
  target: copilot
  value: .agents/skills/grilling/agents/openai.yaml
  runtime: null
  scope: project
  owners:
  - mattpocock/skills/skills/productivity/grilling
  active_owner: mattpocock/skills/skills/productivity/grilling
  content_hash: sha256:1411d7df7d99b7e621a1ff8283c8133cc2464be63d064e52d8ce169c6800ee9b
- kind: project-relative
  target: opencode
  value: .config/opencode/skills/grill-with-docs
  runtime: null
  scope: project
  owners:
  - mattpocock/skills/skills/engineering/grill-with-docs
  active_owner: mattpocock/skills/skills/engineering/grill-with-docs
  content_hash: null
- kind: project-relative
  target: opencode
  value: .config/opencode/skills/grill-with-docs/SKILL.md
  runtime: null
  scope: project
  owners:
  - mattpocock/skills/skills/engineering/grill-with-docs
  active_owner: mattpocock/skills/skills/engineering/grill-with-docs
  content_hash: sha256:7de372c13488f1ee96cc11cd8907b56b6809cc93eef776eeddd37de6b6cbe3fe
- kind: project-relative
  target: opencode
  value: .config/opencode/skills/grill-with-docs/agents/openai.yaml
  runtime: null
  scope: project
  owners:
  - mattpocock/skills/skills/engineering/grill-with-docs
  active_owner: mattpocock/skills/skills/engineering/grill-with-docs
  content_hash: sha256:94cd0ab161fb468a836349f5ed482ba58ce8e709a05c57ce533d739dbd35cca9
- kind: project-relative
  target: opencode
  value: .config/opencode/skills/grilling
  runtime: null
  scope: project
  owners:
  - mattpocock/skills/skills/productivity/grilling
  active_owner: mattpocock/skills/skills/productivity/grilling
  content_hash: null
- kind: project-relative
  target: opencode
  value: .config/opencode/skills/grilling/SKILL.md
  runtime: null
  scope: project
  owners:
  - mattpocock/skills/skills/productivity/grilling
  active_owner: mattpocock/skills/skills/productivity/grilling
  content_hash: sha256:10ff989e7498b23b5acb49d5048f11dcd906757d2f79c5cdf8a00001381296f2
- kind: project-relative
  target: opencode
  value: .config/opencode/skills/grilling/agents/openai.yaml
  runtime: null
  scope: project
  owners:
  - mattpocock/skills/skills/productivity/grilling
  active_owner: mattpocock/skills/skills/productivity/grilling
  content_hash: sha256:1411d7df7d99b7e621a1ff8283c8133cc2464be63d064e52d8ce169c6800ee9b
